
Microsoft Visual Studio Solution File, Format Version 12.00
# Visual Studio Version 17
VisualStudioVersion = 17.6.33815.320
MinimumVisualStudioVersion = 10.0.40219.1
Project("{FAE04EC0-301F-11D3-BF4B-00C04F79EFBC}") = "ContactoDb", "ContactoDb\ContactoDb.csproj", "{7970FBF0-3BB5-4235-9EF5-64221748034F}"
EndProject
Global
	GlobalSection(SolutionConfigurationPlatforms) = preSolution
		Debug|Any CPU = Debug|Any CPU
		Release|Any CPU = Release|Any CPU
	EndGlobalSection
	GlobalSection(ProjectConfigurationPlatforms) = postSolution
		{7970FBF0-3BB5-4235-9EF5-64221748034F}.Debug|Any CPU.ActiveCfg = Debug|Any CPU
		{7970FBF0-3BB5-4235-9EF5-64221748034F}.Debug|Any CPU.Build.0 = Debug|Any CPU
		{7970FBF0-3BB5-4235-9EF5-64221748034F}.Release|Any CPU.ActiveCfg = Release|Any CPU
		{7970FBF0-3BB5-4235-9EF5-64221748034F}.Release|Any CPU.Build.0 = Release|Any CPU
	EndGlobalSection
	GlobalSection(SolutionProperties) = preSolution
		HideSolutionNode = FALSE
	EndGlobalSection
	GlobalSection(ExtensibilityGlobals) = postSolution
		SolutionGuid = {9E16D148-FD3C-4273-A74A-CFF9FA6E592D}
	EndGlobalSection
EndGlobal
